
Microsoft Visual Studio Solution File, Format Version 12.00
# Visual Studio Version 16
VisualStudioVersion = 16.0.29920.165
MinimumVisualStudioVersion = 10.0.40219.1
Project("{8BC9CEB8-8B4A-11D0-8D11-00A0C91BC942}") = "CrashRptTest", "CrashRptTest\CrashRptTest.vcxproj", "{F177F139-7EB9-4F93-B7D5-7CE8C0D23DA0}"
EndProject
Global
	GlobalSection(SolutionConfigurationPlatforms) = preSolution
		Debug static-md|x64 = Debug static-md|x64
		Debug static-md|x86 = Debug static-md|x86
		Debug|x64 = Debug|x64
		Debug|x86 = Debug|x86
		Release static-md|x64 = Release static-md|x64
		Release static-md|x86 = Release static-md|x86
		Release|x64 = Release|x64
		Release|x86 = Release|x86
	EndGlobalSection
	GlobalSection(ProjectConfigurationPlatforms) = postSolution
		{F177F139-7EB9-4F93-B7D5-7CE8C0D23DA0}.Debug static-md|x64.ActiveCfg = Debug static-md|x64
		{F177F139-7EB9-4F93-B7D5-7CE8C0D23DA0}.Debug static-md|x64.Build.0 = Debug static-md|x64
		{F177F139-7EB9-4F93-B7D5-7CE8C0D23DA0}.Debug static-md|x86.ActiveCfg = Release static-md|Win32
		{F177F139-7EB9-4F93-B7D5-7CE8C0D23DA0}.Debug static-md|x86.Build.0 = Release static-md|Win32
		{F177F139-7EB9-4F93-B7D5-7CE8C0D23DA0}.Debug|x64.ActiveCfg = Debug|x64
		{F177F139-7EB9-4F93-B7D5-7CE8C0D23DA0}.Debug|x64.Build.0 = Debug|x64
		{F177F139-7EB9-4F93-B7D5-7CE8C0D23DA0}.Debug|x86.ActiveCfg = Debug|Win32
		{F177F139-7EB9-4F93-B7D5-7CE8C0D23DA0}.Debug|x86.Build.0 = Debug|Win32
		{F177F139-7EB9-4F93-B7D5-7CE8C0D23DA0}.Release static-md|x64.ActiveCfg = Release static-md|x64
		{F177F139-7EB9-4F93-B7D5-7CE8C0D23DA0}.Release static-md|x64.Build.0 = Release static-md|x64
		{F177F139-7EB9-4F93-B7D5-7CE8C0D23DA0}.Release static-md|x86.ActiveCfg = Release static-md|Win32
		{F177F139-7EB9-4F93-B7D5-7CE8C0D23DA0}.Release static-md|x86.Build.0 = Release static-md|Win32
		{F177F139-7EB9-4F93-B7D5-7CE8C0D23DA0}.Release|x64.ActiveCfg = Release|x64
		{F177F139-7EB9-4F93-B7D5-7CE8C0D23DA0}.Release|x64.Build.0 = Release|x64
		{F177F139-7EB9-4F93-B7D5-7CE8C0D23DA0}.Release|x86.ActiveCfg = Release|Win32
		{F177F139-7EB9-4F93-B7D5-7CE8C0D23DA0}.Release|x86.Build.0 = Release|Win32
	EndGlobalSection
	GlobalSection(SolutionProperties) = preSolution
		HideSolutionNode = FALSE
	EndGlobalSection
	GlobalSection(ExtensibilityGlobals) = postSolution
		SolutionGuid = {E5460F1D-0F66-47A8-B858-46C7941BA395}
	EndGlobalSection
EndGlobal
